
Microsoft Visual Studio Solution File, Format Version 12.00
# Visual Studio 15
VisualStudioVersion = 15.0.27703.2026
MinimumVisualStudioVersion = 10.0.40219.1
Project("{8BC9CEB8-8B4A-11D0-8D11-00A0C91BC942}") = "AutoSalon2.0", "AutoSalon2.0\AutoSalon2.0.vcxproj", "{3F6D7608-19BC-4F52-BCB6-3EC6AAF253B2}"
EndProject
Global
	GlobalSection(SolutionConfigurationPlatforms) = preSolution
		Debug|x64 = Debug|x64
		Debug|x86 = Debug|x86
		Release|x64 = Release|x64
		Release|x86 = Release|x86
	EndGlobalSection
	GlobalSection(ProjectConfigurationPlatforms) = postSolution
		{3F6D7608-19BC-4F52-BCB6-3EC6AAF253B2}.Debug|x64.ActiveCfg = Debug|x64
		{3F6D7608-19BC-4F52-BCB6-3EC6AAF253B2}.Debug|x64.Build.0 = Debug|x64
		{3F6D7608-19BC-4F52-BCB6-3EC6AAF253B2}.Debug|x86.ActiveCfg = Debug|Win32
		{3F6D7608-19BC-4F52-BCB6-3EC6AAF253B2}.Debug|x86.Build.0 = Debug|Win32
		{3F6D7608-19BC-4F52-BCB6-3EC6AAF253B2}.Release|x64.ActiveCfg = Release|x64
		{3F6D7608-19BC-4F52-BCB6-3EC6AAF253B2}.Release|x64.Build.0 = Release|x64
		{3F6D7608-19BC-4F52-BCB6-3EC6AAF253B2}.Release|x86.ActiveCfg = Release|Win32
		{3F6D7608-19BC-4F52-BCB6-3EC6AAF253B2}.Release|x86.Build.0 = Release|Win32
	EndGlobalSection
	GlobalSection(SolutionProperties) = preSolution
		HideSolutionNode = FALSE
	EndGlobalSection
	GlobalSection(ExtensibilityGlobals) = postSolution
		SolutionGuid = {B93FB796-AFA0-4A3B-B8D8-AA54BC44989B}
	EndGlobalSection
EndGlobal
