
Microsoft Visual Studio Solution File, Format Version 11.00
# Visual Studio 2010
Project("{FAE04EC0-301F-11D3-BF4B-00C04F79EFBC}") = "DuckProj", "DuckProj\DuckProj.csproj", "{820D6D15-E077-4D5D-A44D-A25278ABBEA0}"
EndProject
Global
	GlobalSection(SolutionConfigurationPlatforms) = preSolution
		Debug|x86 = Debug|x86
		Release|x86 = Release|x86
	EndGlobalSection
	GlobalSection(ProjectConfigurationPlatforms) = postSolution
		{820D6D15-E077-4D5D-A44D-A25278ABBEA0}.Debug|x86.ActiveCfg = Debug|x86
		{820D6D15-E077-4D5D-A44D-A25278ABBEA0}.Debug|x86.Build.0 = Debug|x86
		{820D6D15-E077-4D5D-A44D-A25278ABBEA0}.Release|x86.ActiveCfg = Release|x86
		{820D6D15-E077-4D5D-A44D-A25278ABBEA0}.Release|x86.Build.0 = Release|x86
	EndGlobalSection
	GlobalSection(SolutionProperties) = preSolution
		HideSolutionNode = FALSE
	EndGlobalSection
EndGlobal
